// !$*UTF8*$!
{
	archiveVersion = 1;
	classes = {
	};
	objectVersion = 50;
	objects = {

/* Begin PBXBuildFile section */
		2114D1DD217E398F00495835 /* NotificationCell.swift in Sources */ = {isa = PBXBuildFile; fileRef = 2114D1DC217E398F00495835 /* NotificationCell.swift */; };
		2114D1DF217E39B700495835 /* NotifcationVC.swift in Sources */ = {isa = PBXBuildFile; fileRef = 2114D1DE217E39B700495835 /* NotifcationVC.swift */; };
		21282ABC215226DE00840B35 /* ServiceProviderVC.swift in Sources */ = {isa = PBXBuildFile; fileRef = 21282ABB215226DE00840B35 /* ServiceProviderVC.swift */; };
		21282ABE21522DD600840B35 /* ServiceProviderCell.swift in Sources */ = {isa = PBXBuildFile; fileRef = 21282ABD21522DD600840B35 /* ServiceProviderCell.swift */; };
		21282AC021524F8E00840B35 /* BreakdownVC.swift in Sources */ = {isa = PBXBuildFile; fileRef = 21282ABF21524F8E00840B35 /* BreakdownVC.swift */; };
		21282AC221525CA600840B35 /* ChangePasswordVC.swift in Sources */ = {isa = PBXBuildFile; fileRef = 21282AC121525CA600840B35 /* ChangePasswordVC.swift */; };
		21282AC42152638C00840B35 /* SundayStrollsVC.swift in Sources */ = {isa = PBXBuildFile; fileRef = 21282AC32152638C00840B35 /* SundayStrollsVC.swift */; };
		21385F362154B5D6008D1061 /* ContactUsVC.swift in Sources */ = {isa = PBXBuildFile; fileRef = 21385F352154B5D6008D1061 /* ContactUsVC.swift */; };
		21385F392154C938008D1061 /* LoginResponse.swift in Sources */ = {isa = PBXBuildFile; fileRef = 21385F382154C938008D1061 /* LoginResponse.swift */; };
		21385F3B2154CD81008D1061 /* RegisterResponse.swift in Sources */ = {isa = PBXBuildFile; fileRef = 21385F3A2154CD81008D1061 /* RegisterResponse.swift */; };
		214DE48E217ED73F00C17CE2 /* ProfileVC.swift in Sources */ = {isa = PBXBuildFile; fileRef = 214DE48D217ED73F00C17CE2 /* ProfileVC.swift */; };
		214DE4B4217EF07D00C17CE2 /* SnellRoundhand-BoldScript.otf in Resources */ = {isa = PBXBuildFile; fileRef = 214DE4B3217EEE9400C17CE2 /* SnellRoundhand-BoldScript.otf */; };
		214DE4DD217F1BA200C17CE2 /* GoogleService-Info.plist in Resources */ = {isa = PBXBuildFile; fileRef = 214DE4DC217F1BA200C17CE2 /* GoogleService-Info.plist */; };
		2187B2612150B70900868710 /* AppDelegate.swift in Sources */ = {isa = PBXBuildFile; fileRef = 2187B2602150B70900868710 /* AppDelegate.swift */; };
		2187B2662150B70900868710 /* Main.storyboard in Resources */ = {isa = PBXBuildFile; fileRef = 2187B2642150B70900868710 /* Main.storyboard */; };
		2187B2682150B70C00868710 /* Assets.xcassets in Resources */ = {isa = PBXBuildFile; fileRef = 2187B2672150B70C00868710 /* Assets.xcassets */; };
		2187B26B2150B70C00868710 /* LaunchScreen.storyboard in Resources */ = {isa = PBXBuildFile; fileRef = 2187B2692150B70C00868710 /* LaunchScreen.storyboard */; };
		2187B2762150B70C00868710 /* CartLifeTests.swift in Sources */ = {isa = PBXBuildFile; fileRef = 2187B2752150B70C00868710 /* CartLifeTests.swift */; };
		2187B2812150B70C00868710 /* CartLifeUITests.swift in Sources */ = {isa = PBXBuildFile; fileRef = 2187B2802150B70C00868710 /* CartLifeUITests.swift */; };
		2187B2932150B7B900868710 /* webservices.swift in Sources */ = {isa = PBXBuildFile; fileRef = 2187B2922150B7B900868710 /* webservices.swift */; };
		2187B2982150BADD00868710 /* AvenirLTStd-Book.otf in Resources */ = {isa = PBXBuildFile; fileRef = 2187B2962150BAC500868710 /* AvenirLTStd-Book.otf */; };
		2187B2992150BADD00868710 /* AvenirLTStd-Medium.otf in Resources */ = {isa = PBXBuildFile; fileRef = 2187B2952150BAC500868710 /* AvenirLTStd-Medium.otf */; };
		2187B29A2150BADD00868710 /* AvenirLTStd-Roman.otf in Resources */ = {isa = PBXBuildFile; fileRef = 2187B2972150BAC500868710 /* AvenirLTStd-Roman.otf */; };
		2187B29C2150CDBD00868710 /* LoginVC.swift in Sources */ = {isa = PBXBuildFile; fileRef = 2187B29B2150CDBD00868710 /* LoginVC.swift */; };
		2187B29E2150FD8200868710 /* SignUpVC.swift in Sources */ = {isa = PBXBuildFile; fileRef = 2187B29D2150FD8200868710 /* SignUpVC.swift */; };
		2187B2A22151074D00868710 /* SWRevealViewController.m in Sources */ = {isa = PBXBuildFile; fileRef = 2187B2A12151074D00868710 /* SWRevealViewController.m */; };
		2187B2A421510AA000868710 /* SideMenuVc.swift in Sources */ = {isa = PBXBuildFile; fileRef = 2187B2A321510AA000868710 /* SideMenuVc.swift */; };
		2187B2A621510C8D00868710 /* MainVC.swift in Sources */ = {isa = PBXBuildFile; fileRef = 2187B2A521510C8D00868710 /* MainVC.swift */; };
		2187B2A821511B8300868710 /* ChooseDestinatioVC.swift in Sources */ = {isa = PBXBuildFile; fileRef = 2187B2A721511B8200868710 /* ChooseDestinatioVC.swift */; };
		2187B2AB21511FB800868710 /* setLocationCell.swift in Sources */ = {isa = PBXBuildFile; fileRef = 2187B2AA21511FB800868710 /* setLocationCell.swift */; };
		21CD338821563B6400912BE4 /* NavigateVC.swift in Sources */ = {isa = PBXBuildFile; fileRef = 21CD338721563B6400912BE4 /* NavigateVC.swift */; };
		21FB71BE217DE29C00930D04 /* TipsVC.swift in Sources */ = {isa = PBXBuildFile; fileRef = 21FB71BD217DE29C00930D04 /* TipsVC.swift */; };
		21FB71C0217DE89800930D04 /* SundayStrolls.swift in Sources */ = {isa = PBXBuildFile; fileRef = 21FB71BF217DE89800930D04 /* SundayStrolls.swift */; };
		21FB71C2217DE96900930D04 /* SaveRoutesCell.swift in Sources */ = {isa = PBXBuildFile; fileRef = 21FB71C1217DE96900930D04 /* SaveRoutesCell.swift */; };
		21FB71C4217DED5800930D04 /* RoutesResponse.swift in Sources */ = {isa = PBXBuildFile; fileRef = 21FB71C3217DED5800930D04 /* RoutesResponse.swift */; };
		21FB71C6217DF25400930D04 /* ServiceProviderRes.swift in Sources */ = {isa = PBXBuildFile; fileRef = 21FB71C5217DF25400930D04 /* ServiceProviderRes.swift */; };
		3847103648FA38D44593B4E0 /* Pods_CartLifeTests.framework in Frameworks */ = {isa = PBXBuildFile; fileRef = 8F703413BD30C771953EE980 /* Pods_CartLifeTests.framework */; };
		5087A8A75FB7C3BF834F39EE /* Pods_CartLifeUITests.framework in Frameworks */ = {isa = PBXBuildFile; fileRef = B3F2A0559BEB26DFF79F7049 /* Pods_CartLifeUITests.framework */; };
		75738B5883F8FD84DE948E81 /* Pods_CartLife.framework in Frameworks */ = {isa = PBXBuildFile; fileRef = E0566EDA6C7F3C0BCCBFE972 /* Pods_CartLife.framework */; };
/* End PBXBuildFile section */

/* Begin PBXContainerItemProxy section */
		2187B2722150B70C00868710 /* PBXContainerItemProxy */ = {
			isa = PBXContainerItemProxy;
			containerPortal = 2187B2552150B70900868710 /* Project object */;
			proxyType = 1;
			remoteGlobalIDString = 2187B25C2150B70900868710;
			remoteInfo = CartLife;
		};
		2187B27D2150B70C00868710 /* PBXContainerItemProxy */ = {
			isa = PBXContainerItemProxy;
			containerPortal = 2187B2552150B70900868710 /* Project object */;
			proxyType = 1;
			remoteGlobalIDString = 2187B25C2150B70900868710;
			remoteInfo = CartLife;
		};
/* End PBXContainerItemProxy section */

/* Begin PBXFileReference section */
		2114D1DC217E398F00495835 /* NotificationCell.swift */ = {isa = PBXFileReference; lastKnownFileType = sourcecode.swift; path = NotificationCell.swift; sourceTree = "<group>"; };
		2114D1DE217E39B700495835 /* NotifcationVC.swift */ = {isa = PBXFileReference; lastKnownFileType = sourcecode.swift; path = NotifcationVC.swift; sourceTree = "<group>"; };
		21282ABB215226DE00840B35 /* ServiceProviderVC.swift */ = {isa = PBXFileReference; lastKnownFileType = sourcecode.swift; path = ServiceProviderVC.swift; sourceTree = "<group>"; };
		21282ABD21522DD600840B35 /* ServiceProviderCell.swift */ = {isa = PBXFileReference; lastKnownFileType = sourcecode.swift; path = ServiceProviderCell.swift; sourceTree = "<group>"; };
		21282ABF21524F8E00840B35 /* BreakdownVC.swift */ = {isa = PBXFileReference; lastKnownFileType = sourcecode.swift; path = BreakdownVC.swift; sourceTree = "<group>"; };
		21282AC121525CA600840B35 /* ChangePasswordVC.swift */ = {isa = PBXFileReference; lastKnownFileType = sourcecode.swift; path = ChangePasswordVC.swift; sourceTree = "<group>"; };
		21282AC32152638C00840B35 /* SundayStrollsVC.swift */ = {isa = PBXFileReference; lastKnownFileType = sourcecode.swift; path = SundayStrollsVC.swift; sourceTree = "<group>"; };
		21385F352154B5D6008D1061 /* ContactUsVC.swift */ = {isa = PBXFileReference; lastKnownFileType = sourcecode.swift; path = ContactUsVC.swift; sourceTree = "<group>"; };
		21385F382154C938008D1061 /* LoginResponse.swift */ = {isa = PBXFileReference; lastKnownFileType = sourcecode.swift; path = LoginResponse.swift; sourceTree = "<group>"; };
		21385F3A2154CD81008D1061 /* RegisterResponse.swift */ = {isa = PBXFileReference; lastKnownFileType = sourcecode.swift; path = RegisterResponse.swift; sourceTree = "<group>"; };
		214DE48D217ED73F00C17CE2 /* ProfileVC.swift */ = {isa = PBXFileReference; lastKnownFileType = sourcecode.swift; path = ProfileVC.swift; sourceTree = "<group>"; };
		214DE4B3217EEE9400C17CE2 /* SnellRoundhand-BoldScript.otf */ = {isa = PBXFileReference; lastKnownFileType = file; path = "SnellRoundhand-BoldScript.otf"; sourceTree = "<group>"; };
		214DE4DC217F1BA200C17CE2 /* GoogleService-Info.plist */ = {isa = PBXFileReference; fileEncoding = 4; lastKnownFileType = text.plist.xml; path = "GoogleService-Info.plist"; sourceTree = "<group>"; };
		2187B25D2150B70900868710 /* CartLife.app */ = {isa = PBXFileReference; explicitFileType = wrapper.application; includeInIndex = 0; path = CartLife.app; sourceTree = BUILT_PRODUCTS_DIR; };
		2187B2602150B70900868710 /* AppDelegate.swift */ = {isa = PBXFileReference; lastKnownFileType = sourcecode.swift; path = AppDelegate.swift; sourceTree = "<group>"; };
		2187B2652150B70900868710 /* Base */ = {isa = PBXFileReference; lastKnownFileType = file.storyboard; name = Base; path = Base.lproj/Main.storyboard; sourceTree = "<group>"; };
		2187B2672150B70C00868710 /* Assets.xcassets */ = {isa = PBXFileReference; lastKnownFileType = folder.assetcatalog; path = Assets.xcassets; sourceTree = "<group>"; };
		2187B26A2150B70C00868710 /* Base */ = {isa = PBXFileReference; lastKnownFileType = file.storyboard; name = Base; path = Base.lproj/LaunchScreen.storyboard; sourceTree = "<group>"; };
		2187B26C2150B70C00868710 /* Info.plist */ = {isa = PBXFileReference; lastKnownFileType = text.plist.xml; path = Info.plist; sourceTree = "<group>"; };
		2187B2712150B70C00868710 /* CartLifeTests.xctest */ = {isa = PBXFileReference; explicitFileType = wrapper.cfbundle; includeInIndex = 0; path = CartLifeTests.xctest; sourceTree = BUILT_PRODUCTS_DIR; };
		2187B2752150B70C00868710 /* CartLifeTests.swift */ = {isa = PBXFileReference; lastKnownFileType = sourcecode.swift; path = CartLifeTests.swift; sourceTree = "<group>"; };
		2187B2772150B70C00868710 /* Info.plist */ = {isa = PBXFileReference; lastKnownFileType = text.plist.xml; path = Info.plist; sourceTree = "<group>"; };
		2187B27C2150B70C00868710 /* CartLifeUITests.xctest */ = {isa = PBXFileReference; explicitFileType = wrapper.cfbundle; includeInIndex = 0; path = CartLifeUITests.xctest; sourceTree = BUILT_PRODUCTS_DIR; };
		2187B2802150B70C00868710 /* CartLifeUITests.swift */ = {isa = PBXFileReference; lastKnownFileType = sourcecode.swift; path = CartLifeUITests.swift; sourceTree = "<group>"; };
		2187B2822150B70C00868710 /* Info.plist */ = {isa = PBXFileReference; lastKnownFileType = text.plist.xml; path = Info.plist; sourceTree = "<group>"; };
		2187B2922150B7B900868710 /* webservices.swift */ = {isa = PBXFileReference; fileEncoding = 4; lastKnownFileType = sourcecode.swift; path = webservices.swift; sourceTree = "<group>"; };
		2187B2952150BAC500868710 /* AvenirLTStd-Medium.otf */ = {isa = PBXFileReference; lastKnownFileType = file; path = "AvenirLTStd-Medium.otf"; sourceTree = "<group>"; };
		2187B2962150BAC500868710 /* AvenirLTStd-Book.otf */ = {isa = PBXFileReference; lastKnownFileType = file; path = "AvenirLTStd-Book.otf"; sourceTree = "<group>"; };
		2187B2972150BAC500868710 /* AvenirLTStd-Roman.otf */ = {isa = PBXFileReference; lastKnownFileType = file; path = "AvenirLTStd-Roman.otf"; sourceTree = "<group>"; };
		2187B29B2150CDBD00868710 /* LoginVC.swift */ = {isa = PBXFileReference; lastKnownFileType = sourcecode.swift; path = LoginVC.swift; sourceTree = "<group>"; };
		2187B29D2150FD8200868710 /* SignUpVC.swift */ = {isa = PBXFileReference; lastKnownFileType = sourcecode.swift; path = SignUpVC.swift; sourceTree = "<group>"; };
		2187B29F2151074C00868710 /* CartLife-Bridging-Header.h */ = {isa = PBXFileReference; lastKnownFileType = sourcecode.c.h; path = "CartLife-Bridging-Header.h"; sourceTree = "<group>"; };
		2187B2A02151074D00868710 /* SWRevealViewController.h */ = {isa = PBXFileReference; fileEncoding = 4; lastKnownFileType = sourcecode.c.h; path = SWRevealViewController.h; sourceTree = "<group>"; };
		2187B2A12151074D00868710 /* SWRevealViewController.m */ = {isa = PBXFileReference; fileEncoding = 4; lastKnownFileType = sourcecode.c.objc; path = SWRevealViewController.m; sourceTree = "<group>"; };
		2187B2A321510AA000868710 /* SideMenuVc.swift */ = {isa = PBXFileReference; fileEncoding = 4; lastKnownFileType = sourcecode.swift; path = SideMenuVc.swift; sourceTree = "<group>"; };
		2187B2A521510C8D00868710 /* MainVC.swift */ = {isa = PBXFileReference; lastKnownFileType = sourcecode.swift; path = MainVC.swift; sourceTree = "<group>"; };
		2187B2A721511B8200868710 /* ChooseDestinatioVC.swift */ = {isa = PBXFileReference; fileEncoding = 4; lastKnownFileType = sourcecode.swift; path = ChooseDestinatioVC.swift; sourceTree = "<group>"; };
		2187B2AA21511FB800868710 /* setLocationCell.swift */ = {isa = PBXFileReference; fileEncoding = 4; lastKnownFileType = sourcecode.swift; path = setLocationCell.swift; sourceTree = "<group>"; };
		21CD338721563B6400912BE4 /* NavigateVC.swift */ = {isa = PBXFileReference; lastKnownFileType = sourcecode.swift; path = NavigateVC.swift; sourceTree = "<group>"; };
		21FB71BC217DDA3800930D04 /* CartLife.entitlements */ = {isa = PBXFileReference; lastKnownFileType = text.plist.entitlements; path = CartLife.entitlements; sourceTree = "<group>"; };
		21FB71BD217DE29C00930D04 /* TipsVC.swift */ = {isa = PBXFileReference; lastKnownFileType = sourcecode.swift; path = TipsVC.swift; sourceTree = "<group>"; };
		21FB71BF217DE89800930D04 /* SundayStrolls.swift */ = {isa = PBXFileReference; lastKnownFileType = sourcecode.swift; path = SundayStrolls.swift; sourceTree = "<group>"; };
		21FB71C1217DE96900930D04 /* SaveRoutesCell.swift */ = {isa = PBXFileReference; lastKnownFileType = sourcecode.swift; path = SaveRoutesCell.swift; sourceTree = "<group>"; };
		21FB71C3217DED5800930D04 /* RoutesResponse.swift */ = {isa = PBXFileReference; lastKnownFileType = sourcecode.swift; path = RoutesResponse.swift; sourceTree = "<group>"; };
		21FB71C5217DF25400930D04 /* ServiceProviderRes.swift */ = {isa = PBXFileReference; lastKnownFileType = sourcecode.swift; path = ServiceProviderRes.swift; sourceTree = "<group>"; };
		55DA6A097746A904DB861A34 /* Pods-CartLifeTests.debug.xcconfig */ = {isa = PBXFileReference; includeInIndex = 1; lastKnownFileType = text.xcconfig; name = "Pods-CartLifeTests.debug.xcconfig"; path = "Pods/Target Support Files/Pods-CartLifeTests/Pods-CartLifeTests.debug.xcconfig"; sourceTree = "<group>"; };
		8CD3D6BA96F1F48D126D7735 /* Pods-CartLifeUITests.debug.xcconfig */ = {isa = PBXFileReference; includeInIndex = 1; lastKnownFileType = text.xcconfig; name = "Pods-CartLifeUITests.debug.xcconfig"; path = "Pods/Target Support Files/Pods-CartLifeUITests/Pods-CartLifeUITests.debug.xcconfig"; sourceTree = "<group>"; };
		8F703413BD30C771953EE980 /* Pods_CartLifeTests.framework */ = {isa = PBXFileReference; explicitFileType = wrapper.framework; includeInIndex = 0; path = Pods_CartLifeTests.framework; sourceTree = BUILT_PRODUCTS_DIR; };
		B3F2A0559BEB26DFF79F7049 /* Pods_CartLifeUITests.framework */ = {isa = PBXFileReference; explicitFileType = wrapper.framework; includeInIndex = 0; path = Pods_CartLifeUITests.framework; sourceTree = BUILT_PRODUCTS_DIR; };
		D446B4F6DE07BF5822FD625F /* Pods-CartLifeTests.release.xcconfig */ = {isa = PBXFileReference; includeInIndex = 1; lastKnownFileType = text.xcconfig; name = "Pods-CartLifeTests.release.xcconfig"; path = "Pods/Target Support Files/Pods-CartLifeTests/Pods-CartLifeTests.release.xcconfig"; sourceTree = "<group>"; };
		D527A70757DF8D9EE18D217E /* Pods-CartLifeUITests.release.xcconfig */ = {isa = PBXFileReference; includeInIndex = 1; lastKnownFileType = text.xcconfig; name = "Pods-CartLifeUITests.release.xcconfig"; path = "Pods/Target Support Files/Pods-CartLifeUITests/Pods-CartLifeUITests.release.xcconfig"; sourceTree = "<group>"; };
		E0566EDA6C7F3C0BCCBFE972 /* Pods_CartLife.framework */ = {isa = PBXFileReference; explicitFileType = wrapper.framework; includeInIndex = 0; path = Pods_CartLife.framework; sourceTree = BUILT_PRODUCTS_DIR; };
		EC9FD120EE4EDBCF81C9D427 /* Pods-CartLife.release.xcconfig */ = {isa = PBXFileReference; includeInIndex = 1; lastKnownFileType = text.xcconfig; name = "Pods-CartLife.release.xcconfig"; path = "Pods/Target Support Files/Pods-CartLife/Pods-CartLife.release.xcconfig"; sourceTree = "<group>"; };
		FD4A371E15E315B822A844AF /* Pods-CartLife.debug.xcconfig */ = {isa = PBXFileReference; includeInIndex = 1; lastKnownFileType = text.xcconfig; name = "Pods-CartLife.debug.xcconfig"; path = "Pods/Target Support Files/Pods-CartLife/Pods-CartLife.debug.xcconfig"; sourceTree = "<group>"; };
/* End PBXFileReference section */

/* Begin PBXFrameworksBuildPhase section */
		2187B25A2150B70900868710 /* Frameworks */ = {
			isa = PBXFrameworksBuildPhase;
			buildActionMask = 2147483647;
			files = (
				75738B5883F8FD84DE948E81 /* Pods_CartLife.framework in Frameworks */,
			);
			runOnlyForDeploymentPostprocessing = 0;
		};
		2187B26E2150B70C00868710 /* Frameworks */ = {
			isa = PBXFrameworksBuildPhase;
			buildActionMask = 2147483647;
			files = (
				3847103648FA38D44593B4E0 /* Pods_CartLifeTests.framework in Frameworks */,
			);
			runOnlyForDeploymentPostprocessing = 0;
		};
		2187B2792150B70C00868710 /* Frameworks */ = {
			isa = PBXFrameworksBuildPhase;
			buildActionMask = 2147483647;
			files = (
				5087A8A75FB7C3BF834F39EE /* Pods_CartLifeUITests.framework in Frameworks */,
			);
			runOnlyForDeploymentPostprocessing = 0;
		};
/* End PBXFrameworksBuildPhase section */

/* Begin PBXGroup section */
		21385F372154C914008D1061 /* Models */ = {
			isa = PBXGroup;
			children = (
				21385F382154C938008D1061 /* LoginResponse.swift */,
				21385F3A2154CD81008D1061 /* RegisterResponse.swift */,
				21FB71BF217DE89800930D04 /* SundayStrolls.swift */,
				21FB71C3217DED5800930D04 /* RoutesResponse.swift */,
				21FB71C5217DF25400930D04 /* ServiceProviderRes.swift */,
			);
			path = Models;
			sourceTree = "<group>";
		};
		2187B2542150B70900868710 = {
			isa = PBXGroup;
			children = (
				2187B25F2150B70900868710 /* CartLife */,
				2187B2742150B70C00868710 /* CartLifeTests */,
				2187B27F2150B70C00868710 /* CartLifeUITests */,
				2187B25E2150B70900868710 /* Products */,
				C897F599DF90BBEDB1CA0025 /* Pods */,
				6FDA0C49842DD43D2CEAC944 /* Frameworks */,
			);
			sourceTree = "<group>";
		};
		2187B25E2150B70900868710 /* Products */ = {
			isa = PBXGroup;
			children = (
				2187B25D2150B70900868710 /* CartLife.app */,
				2187B2712150B70C00868710 /* CartLifeTests.xctest */,
				2187B27C2150B70C00868710 /* CartLifeUITests.xctest */,
			);
			name = Products;
			sourceTree = "<group>";
		};
		2187B25F2150B70900868710 /* CartLife */ = {
			isa = PBXGroup;
			children = (
				21FB71BC217DDA3800930D04 /* CartLife.entitlements */,
				21385F372154C914008D1061 /* Models */,
				2187B2A921511F9B00868710 /* TableviewCells */,
				2187B2942150BA8500868710 /* Fonts */,
				2187B2912150B76600868710 /* Helper */,
				2187B2902150B73900868710 /* Delegates */,
				2187B28F2150B72400868710 /* ViewControllers */,
				2187B2642150B70900868710 /* Main.storyboard */,
				2187B2672150B70C00868710 /* Assets.xcassets */,
				2187B2692150B70C00868710 /* LaunchScreen.storyboard */,
				214DE4DC217F1BA200C17CE2 /* GoogleService-Info.plist */,
				2187B26C2150B70C00868710 /* Info.plist */,
			);
			path = CartLife;
			sourceTree = "<group>";
		};
		2187B2742150B70C00868710 /* CartLifeTests */ = {
			isa = PBXGroup;
			children = (
				2187B2752150B70C00868710 /* CartLifeTests.swift */,
				2187B2772150B70C00868710 /* Info.plist */,
			);
			path = CartLifeTests;
			sourceTree = "<group>";
		};
		2187B27F2150B70C00868710 /* CartLifeUITests */ = {
			isa = PBXGroup;
			children = (
				2187B2802150B70C00868710 /* CartLifeUITests.swift */,
				2187B2822150B70C00868710 /* Info.plist */,
			);
			path = CartLifeUITests;
			sourceTree = "<group>";
		};
		2187B28F2150B72400868710 /* ViewControllers */ = {
			isa = PBXGroup;
			children = (
				2187B2A721511B8200868710 /* ChooseDestinatioVC.swift */,
				2187B2A321510AA000868710 /* SideMenuVc.swift */,
				2187B29B2150CDBD00868710 /* LoginVC.swift */,
				2187B29D2150FD8200868710 /* SignUpVC.swift */,
				2187B2A521510C8D00868710 /* MainVC.swift */,
				21282ABB215226DE00840B35 /* ServiceProviderVC.swift */,
				21282ABF21524F8E00840B35 /* BreakdownVC.swift */,
				21282AC121525CA600840B35 /* ChangePasswordVC.swift */,
				21282AC32152638C00840B35 /* SundayStrollsVC.swift */,
				21FB71BD217DE29C00930D04 /* TipsVC.swift */,
				21385F352154B5D6008D1061 /* ContactUsVC.swift */,
				21CD338721563B6400912BE4 /* NavigateVC.swift */,
				2114D1DE217E39B700495835 /* NotifcationVC.swift */,
				214DE48D217ED73F00C17CE2 /* ProfileVC.swift */,
			);
			path = ViewControllers;
			sourceTree = "<group>";
		};
		2187B2902150B73900868710 /* Delegates */ = {
			isa = PBXGroup;
			children = (
				2187B2602150B70900868710 /* AppDelegate.swift */,
			);
			path = Delegates;
			sourceTree = "<group>";
		};
		2187B2912150B76600868710 /* Helper */ = {
			isa = PBXGroup;
			children = (
				2187B2A02151074D00868710 /* SWRevealViewController.h */,
				2187B2A12151074D00868710 /* SWRevealViewController.m */,
				2187B2922150B7B900868710 /* webservices.swift */,
				2187B29F2151074C00868710 /* CartLife-Bridging-Header.h */,
			);
			path = Helper;
			sourceTree = "<group>";
		};
		2187B2942150BA8500868710 /* Fonts */ = {
			isa = PBXGroup;
			children = (
				214DE4B3217EEE9400C17CE2 /* SnellRoundhand-BoldScript.otf */,
				2187B2962150BAC500868710 /* AvenirLTStd-Book.otf */,
				2187B2952150BAC500868710 /* AvenirLTStd-Medium.otf */,
				2187B2972150BAC500868710 /* AvenirLTStd-Roman.otf */,
			);
			path = Fonts;
			sourceTree = "<group>";
		};
		2187B2A921511F9B00868710 /* TableviewCells */ = {
			isa = PBXGroup;
			children = (
				2187B2AA21511FB800868710 /* setLocationCell.swift */,
				21282ABD21522DD600840B35 /* ServiceProviderCell.swift */,
				21FB71C1217DE96900930D04 /* SaveRoutesCell.swift */,
				2114D1DC217E398F00495835 /* NotificationCell.swift */,
			);
			path = TableviewCells;
			sourceTree = "<group>";
		};
		6FDA0C49842DD43D2CEAC944 /* Frameworks */ = {
			isa = PBXGroup;
			children = (
				E0566EDA6C7F3C0BCCBFE972 /* Pods_CartLife.framework */,
				8F703413BD30C771953EE980 /* Pods_CartLifeTests.framework */,
				B3F2A0559BEB26DFF79F7049 /* Pods_CartLifeUITests.framework */,
			);
			name = Frameworks;
			sourceTree = "<group>";
		};
		C897F599DF90BBEDB1CA0025 /* Pods */ = {
			isa = PBXGroup;
			children = (
				FD4A371E15E315B822A844AF /* Pods-CartLife.debug.xcconfig */,
				EC9FD120EE4EDBCF81C9D427 /* Pods-CartLife.release.xcconfig */,
				55DA6A097746A904DB861A34 /* Pods-CartLifeTests.debug.xcconfig */,
				D446B4F6DE07BF5822FD625F /* Pods-CartLifeTests.release.xcconfig */,
				8CD3D6BA96F1F48D126D7735 /* Pods-CartLifeUITests.debug.xcconfig */,
				D527A70757DF8D9EE18D217E /* Pods-CartLifeUITests.release.xcconfig */,
			);
			name = Pods;
			sourceTree = "<group>";
		};
/* End PBXGroup section */

/* Begin PBXNativeTarget section */
		2187B25C2150B70900868710 /* CartLife */ = {
			isa = PBXNativeTarget;
			buildConfigurationList = 2187B2852150B70C00868710 /* Build configuration list for PBXNativeTarget "CartLife" */;
			buildPhases = (
				7F5F256CE4C1D3F4DE60E544 /* [CP] Check Pods Manifest.lock */,
				2187B2592150B70900868710 /* Sources */,
				2187B25A2150B70900868710 /* Frameworks */,
				2187B25B2150B70900868710 /* Resources */,
				B53D32545441B686DDA32E4D /* [CP] Embed Pods Frameworks */,
				640C78E0E8C842470AB510C2 /* [CP] Copy Pods Resources */,
			);
			buildRules = (
			);
			dependencies = (
			);
			name = CartLife;
			productName = CartLife;
			productReference = 2187B25D2150B70900868710 /* CartLife.app */;
			productType = "com.apple.product-type.application";
		};
		2187B2702150B70C00868710 /* CartLifeTests */ = {
			isa = PBXNativeTarget;
			buildConfigurationList = 2187B2882150B70C00868710 /* Build configuration list for PBXNativeTarget "CartLifeTests" */;
			buildPhases = (
				7EE57D9C9145A2638738BF73 /* [CP] Check Pods Manifest.lock */,
				2187B26D2150B70C00868710 /* Sources */,
				2187B26E2150B70C00868710 /* Frameworks */,
				2187B26F2150B70C00868710 /* Resources */,
			);
			buildRules = (
			);
			dependencies = (
				2187B2732150B70C00868710 /* PBXTargetDependency */,
			);
			name = CartLifeTests;
			productName = CartLifeTests;
			productReference = 2187B2712150B70C00868710 /* CartLifeTests.xctest */;
			productType = "com.apple.product-type.bundle.unit-test";
		};
		2187B27B2150B70C00868710 /* CartLifeUITests */ = {
			isa = PBXNativeTarget;
			buildConfigurationList = 2187B28B2150B70C00868710 /* Build configuration list for PBXNativeTarget "CartLifeUITests" */;
			buildPhases = (
				BD373EBF7318419F4DF320C0 /* [CP] Check Pods Manifest.lock */,
				2187B2782150B70C00868710 /* Sources */,
				2187B2792150B70C00868710 /* Frameworks */,
				2187B27A2150B70C00868710 /* Resources */,
			);
			buildRules = (
			);
			dependencies = (
				2187B27E2150B70C00868710 /* PBXTargetDependency */,
			);
			name = CartLifeUITests;
			productName = CartLifeUITests;
			productReference = 2187B27C2150B70C00868710 /* CartLifeUITests.xctest */;
			productType = "com.apple.product-type.bundle.ui-testing";
		};
/* End PBXNativeTarget section */

/* Begin PBXProject section */
		2187B2552150B70900868710 /* Project object */ = {
			isa = PBXProject;
			attributes = {
				LastSwiftUpdateCheck = 0940;
				LastUpgradeCheck = 0940;
				ORGANIZATIONNAME = "Ravi Dubey";
				TargetAttributes = {
					2187B25C2150B70900868710 = {
						CreatedOnToolsVersion = 9.4.1;
						LastSwiftMigration = 0940;
						SystemCapabilities = {
							com.apple.BackgroundModes = {
								enabled = 1;
							};
							com.apple.Push = {
								enabled = 1;
							};
						};
					};
					2187B2702150B70C00868710 = {
						CreatedOnToolsVersion = 9.4.1;
						TestTargetID = 2187B25C2150B70900868710;
					};
					2187B27B2150B70C00868710 = {
						CreatedOnToolsVersion = 9.4.1;
						TestTargetID = 2187B25C2150B70900868710;
					};
				};
			};
			buildConfigurationList = 2187B2582150B70900868710 /* Build configuration list for PBXProject "CartLife" */;
			compatibilityVersion = "Xcode 9.3";
			developmentRegion = en;
			hasScannedForEncodings = 0;
			knownRegions = (
				en,
				Base,
			);
			mainGroup = 2187B2542150B70900868710;
			productRefGroup = 2187B25E2150B70900868710 /* Products */;
			projectDirPath = "";
			projectRoot = "";
			targets = (
				2187B25C2150B70900868710 /* CartLife */,
				2187B2702150B70C00868710 /* CartLifeTests */,
				2187B27B2150B70C00868710 /* CartLifeUITests */,
			);
		};
/* End PBXProject section */

/* Begin PBXResourcesBuildPhase section */
		2187B25B2150B70900868710 /* Resources */ = {
			isa = PBXResourcesBuildPhase;
			buildActionMask = 2147483647;
			files = (
				214DE4DD217F1BA200C17CE2 /* GoogleService-Info.plist in Resources */,
				214DE4B4217EF07D00C17CE2 /* SnellRoundhand-BoldScript.otf in Resources */,
				2187B2982150BADD00868710 /* AvenirLTStd-Book.otf in Resources */,
				2187B2992150BADD00868710 /* AvenirLTStd-Medium.otf in Resources */,
				2187B29A2150BADD00868710 /* AvenirLTStd-Roman.otf in Resources */,
				2187B26B2150B70C00868710 /* LaunchScreen.storyboard in Resources */,
				2187B2682150B70C00868710 /* Assets.xcassets in Resources */,
				2187B2662150B70900868710 /* Main.storyboard in Resources */,
			);
			runOnlyForDeploymentPostprocessing = 0;
		};
		2187B26F2150B70C00868710 /* Resources */ = {
			isa = PBXResourcesBuildPhase;
			buildActionMask = 2147483647;
			files = (
			);
			runOnlyForDeploymentPostprocessing = 0;
		};
		2187B27A2150B70C00868710 /* Resources */ = {
			isa = PBXResourcesBuildPhase;
			buildActionMask = 2147483647;
			files = (
			);
			runOnlyForDeploymentPostprocessing = 0;
		};
/* End PBXResourcesBuildPhase section */

/* Begin PBXShellScriptBuildPhase section */
		640C78E0E8C842470AB510C2 /* [CP] Copy Pods Resources */ = {
			isa = PBXShellScriptBuildPhase;
			buildActionMask = 2147483647;
			files = (
			);
			inputPaths = (
				"${SRCROOT}/Pods/Target Support Files/Pods-CartLife/Pods-CartLife-resources.sh",
				"${PODS_ROOT}/GoogleMaps/Maps/Frameworks/GoogleMaps.framework/Resources/GoogleMaps.bundle",
				"${PODS_ROOT}/GooglePlaces/Frameworks/GooglePlaces.framework/Resources/GooglePlaces.bundle",
			);
			name = "[CP] Copy Pods Resources";
			outputPaths = (
				"${TARGET_BUILD_DIR}/${UNLOCALIZED_RESOURCES_FOLDER_PATH}/GoogleMaps.bundle",
				"${TARGET_BUILD_DIR}/${UNLOCALIZED_RESOURCES_FOLDER_PATH}/GooglePlaces.bundle",
			);
			runOnlyForDeploymentPostprocessing = 0;
			shellPath = /bin/sh;
			shellScript = "\"${SRCROOT}/Pods/Target Support Files/Pods-CartLife/Pods-CartLife-resources.sh\"\n";
			showEnvVarsInLog = 0;
		};
		7EE57D9C9145A2638738BF73 /* [CP] Check Pods Manifest.lock */ = {
			isa = PBXShellScriptBuildPhase;
			buildActionMask = 2147483647;
			files = (
			);
			inputPaths = (
				"${PODS_PODFILE_DIR_PATH}/Podfile.lock",
				"${PODS_ROOT}/Manifest.lock",
			);
			name = "[CP] Check Pods Manifest.lock";
			outputPaths = (
				"$(DERIVED_FILE_DIR)/Pods-CartLifeTests-checkManifestLockResult.txt",
			);
			runOnlyForDeploymentPostprocessing = 0;
			shellPath = /bin/sh;
			shellScript = "diff \"${PODS_PODFILE_DIR_PATH}/Podfile.lock\" \"${PODS_ROOT}/Manifest.lock\" > /dev/null\nif [ $? != 0 ] ; then\n    # print error to STDERR\n    echo \"error: The sandbox is not in sync with the Podfile.lock. Run 'pod install' or update your CocoaPods installation.\" >&2\n    exit 1\nfi\n# This output is used by Xcode 'outputs' to avoid re-running this script phase.\necho \"SUCCESS\" > \"${SCRIPT_OUTPUT_FILE_0}\"\n";
			showEnvVarsInLog = 0;
		};
		7F5F256CE4C1D3F4DE60E544 /* [CP] Check Pods Manifest.lock */ = {
			isa = PBXShellScriptBuildPhase;
			buildActionMask = 2147483647;
			files = (
			);
			inputPaths = (
				"${PODS_PODFILE_DIR_PATH}/Podfile.lock",
				"${PODS_ROOT}/Manifest.lock",
			);
			name = "[CP] Check Pods Manifest.lock";
			outputPaths = (
				"$(DERIVED_FILE_DIR)/Pods-CartLife-checkManifestLockResult.txt",
			);
			runOnlyForDeploymentPostprocessing = 0;
			shellPath = /bin/sh;
			shellScript = "diff \"${PODS_PODFILE_DIR_PATH}/Podfile.lock\" \"${PODS_ROOT}/Manifest.lock\" > /dev/null\nif [ $? != 0 ] ; then\n    # print error to STDERR\n    echo \"error: The sandbox is not in sync with the Podfile.lock. Run 'pod install' or update your CocoaPods installation.\" >&2\n    exit 1\nfi\n# This output is used by Xcode 'outputs' to avoid re-running this script phase.\necho \"SUCCESS\" > \"${SCRIPT_OUTPUT_FILE_0}\"\n";
			showEnvVarsInLog = 0;
		};
		B53D32545441B686DDA32E4D /* [CP] Embed Pods Frameworks */ = {
			isa = PBXShellScriptBuildPhase;
			buildActionMask = 2147483647;
			files = (
			);
			inputPaths = (
				"${SRCROOT}/Pods/Target Support Files/Pods-CartLife/Pods-CartLife-frameworks.sh",
				"${BUILT_PRODUCTS_DIR}/Alamofire/Alamofire.framework",
				"${BUILT_PRODUCTS_DIR}/Bolts/Bolts.framework",
				"${BUILT_PRODUCTS_DIR}/FBSDKCoreKit/FBSDKCoreKit.framework",
				"${BUILT_PRODUCTS_DIR}/FBSDKLoginKit/FBSDKLoginKit.framework",
				"${BUILT_PRODUCTS_DIR}/FloatRatingView/FloatRatingView.framework",
				"${BUILT_PRODUCTS_DIR}/GoogleUtilities/GoogleUtilities.framework",
				"${BUILT_PRODUCTS_DIR}/IQKeyboardManagerSwift/IQKeyboardManagerSwift.framework",
				"${PODS_ROOT}/Mapbox-iOS-SDK/dynamic/Mapbox.framework",
				"${PODS_ROOT}/Mapbox-iOS-SDK/dynamic/Mapbox.framework.dSYM",
				"${BUILT_PRODUCTS_DIR}/MapboxCoreNavigation/MapboxCoreNavigation.framework",
				"${BUILT_PRODUCTS_DIR}/MapboxDirections.swift/MapboxDirections.framework",
				"${BUILT_PRODUCTS_DIR}/MapboxMobileEvents/MapboxMobileEvents.framework",
				"${BUILT_PRODUCTS_DIR}/MapboxNavigation/MapboxNavigation.framework",
				"${BUILT_PRODUCTS_DIR}/MapboxSpeech/MapboxSpeech.framework",
				"${BUILT_PRODUCTS_DIR}/PKHUD/PKHUD.framework",
				"${BUILT_PRODUCTS_DIR}/Polyline/Polyline.framework",
				"${BUILT_PRODUCTS_DIR}/Protobuf/Protobuf.framework",
				"${BUILT_PRODUCTS_DIR}/SDWebImage/SDWebImage.framework",
				"${BUILT_PRODUCTS_DIR}/Solar/Solar.framework",
				"${BUILT_PRODUCTS_DIR}/SwiftyJSON/SwiftyJSON.framework",
				"${BUILT_PRODUCTS_DIR}/Turf/Turf.framework",
				"${BUILT_PRODUCTS_DIR}/nanopb/nanopb.framework",
			);
			name = "[CP] Embed Pods Frameworks";
			outputPaths = (
				"${TARGET_BUILD_DIR}/${FRAMEWORKS_FOLDER_PATH}/Alamofire.framework",
				"${TARGET_BUILD_DIR}/${FRAMEWORKS_FOLDER_PATH}/Bolts.framework",
				"${TARGET_BUILD_DIR}/${FRAMEWORKS_FOLDER_PATH}/FBSDKCoreKit.framework",
				"${TARGET_BUILD_DIR}/${FRAMEWORKS_FOLDER_PATH}/FBSDKLoginKit.framework",
				"${TARGET_BUILD_DIR}/${FRAMEWORKS_FOLDER_PATH}/FloatRatingView.framework",
				"${TARGET_BUILD_DIR}/${FRAMEWORKS_FOLDER_PATH}/GoogleUtilities.framework",
				"${TARGET_BUILD_DIR}/${FRAMEWORKS_FOLDER_PATH}/IQKeyboardManagerSwift.framework",
				"${TARGET_BUILD_DIR}/${FRAMEWORKS_FOLDER_PATH}/Mapbox.framework",
				"${DWARF_DSYM_FOLDER_PATH}/Mapbox.framework.dSYM",
				"${TARGET_BUILD_DIR}/${FRAMEWORKS_FOLDER_PATH}/MapboxCoreNavigation.framework",
				"${TARGET_BUILD_DIR}/${FRAMEWORKS_FOLDER_PATH}/MapboxDirections.framework",
				"${TARGET_BUILD_DIR}/${FRAMEWORKS_FOLDER_PATH}/MapboxMobileEvents.framework",
				"${TARGET_BUILD_DIR}/${FRAMEWORKS_FOLDER_PATH}/MapboxNavigation.framework",
				"${TARGET_BUILD_DIR}/${FRAMEWORKS_FOLDER_PATH}/MapboxSpeech.framework",
				"${TARGET_BUILD_DIR}/${FRAMEWORKS_FOLDER_PATH}/PKHUD.framework",
				"${TARGET_BUILD_DIR}/${FRAMEWORKS_FOLDER_PATH}/Polyline.framework",
				"${TARGET_BUILD_DIR}/${FRAMEWORKS_FOLDER_PATH}/Protobuf.framework",
				"${TARGET_BUILD_DIR}/${FRAMEWORKS_FOLDER_PATH}/SDWebImage.framework",
				"${TARGET_BUILD_DIR}/${FRAMEWORKS_FOLDER_PATH}/Solar.framework",
				"${TARGET_BUILD_DIR}/${FRAMEWORKS_FOLDER_PATH}/SwiftyJSON.framework",
				"${TARGET_BUILD_DIR}/${FRAMEWORKS_FOLDER_PATH}/Turf.framework",
				"${TARGET_BUILD_DIR}/${FRAMEWORKS_FOLDER_PATH}/nanopb.framework",
			);
			runOnlyForDeploymentPostprocessing = 0;
			shellPath = /bin/sh;
			shellScript = "\"${SRCROOT}/Pods/Target Support Files/Pods-CartLife/Pods-CartLife-frameworks.sh\"\n";
			showEnvVarsInLog = 0;
		};
		BD373EBF7318419F4DF320C0 /* [CP] Check Pods Manifest.lock */ = {
			isa = PBXShellScriptBuildPhase;
			buildActionMask = 2147483647;
			files = (
			);
			inputPaths = (
				"${PODS_PODFILE_DIR_PATH}/Podfile.lock",
				"${PODS_ROOT}/Manifest.lock",
			);
			name = "[CP] Check Pods Manifest.lock";
			outputPaths = (
				"$(DERIVED_FILE_DIR)/Pods-CartLifeUITests-checkManifestLockResult.txt",
			);
			runOnlyForDeploymentPostprocessing = 0;
			shellPath = /bin/sh;
			shellScript = "diff \"${PODS_PODFILE_DIR_PATH}/Podfile.lock\" \"${PODS_ROOT}/Manifest.lock\" > /dev/null\nif [ $? != 0 ] ; then\n    # print error to STDERR\n    echo \"error: The sandbox is not in sync with the Podfile.lock. Run 'pod install' or update your CocoaPods installation.\" >&2\n    exit 1\nfi\n# This output is used by Xcode 'outputs' to avoid re-running this script phase.\necho \"SUCCESS\" > \"${SCRIPT_OUTPUT_FILE_0}\"\n";
			showEnvVarsInLog = 0;
		};
/* End PBXShellScriptBuildPhase section */

/* Begin PBXSourcesBuildPhase section */
		2187B2592150B70900868710 /* Sources */ = {
			isa = PBXSourcesBuildPhase;
			buildActionMask = 2147483647;
			files = (
				21FB71C2217DE96900930D04 /* SaveRoutesCell.swift in Sources */,
				2187B29E2150FD8200868710 /* SignUpVC.swift in Sources */,
				2187B2A821511B8300868710 /* ChooseDestinatioVC.swift in Sources */,
				2187B2932150B7B900868710 /* webservices.swift in Sources */,
				21FB71C4217DED5800930D04 /* RoutesResponse.swift in Sources */,
				21282ABE21522DD600840B35 /* ServiceProviderCell.swift in Sources */,
				2114D1DF217E39B700495835 /* NotifcationVC.swift in Sources */,
				2187B2A22151074D00868710 /* SWRevealViewController.m in Sources */,
				214DE48E217ED73F00C17CE2 /* ProfileVC.swift in Sources */,
				21CD338821563B6400912BE4 /* NavigateVC.swift in Sources */,
				21282AC221525CA600840B35 /* ChangePasswordVC.swift in Sources */,
				21385F392154C938008D1061 /* LoginResponse.swift in Sources */,
				2187B2612150B70900868710 /* AppDelegate.swift in Sources */,
				2187B2A421510AA000868710 /* SideMenuVc.swift in Sources */,
				21282AC42152638C00840B35 /* SundayStrollsVC.swift in Sources */,
				2187B29C2150CDBD00868710 /* LoginVC.swift in Sources */,
				21282ABC215226DE00840B35 /* ServiceProviderVC.swift in Sources */,
				21FB71BE217DE29C00930D04 /* TipsVC.swift in Sources */,
				2114D1DD217E398F00495835 /* NotificationCell.swift in Sources */,
				2187B2A621510C8D00868710 /* MainVC.swift in Sources */,
				21282AC021524F8E00840B35 /* BreakdownVC.swift in Sources */,
				2187B2AB21511FB800868710 /* setLocationCell.swift in Sources */,
				21FB71C6217DF25400930D04 /* ServiceProviderRes.swift in Sources */,
				21FB71C0217DE89800930D04 /* SundayStrolls.swift in Sources */,
				21385F362154B5D6008D1061 /* ContactUsVC.swift in Sources */,
				21385F3B2154CD81008D1061 /* RegisterResponse.swift in Sources */,
			);
			runOnlyForDeploymentPostprocessing = 0;
		};
		2187B26D2150B70C00868710 /* Sources */ = {
			isa = PBXSourcesBuildPhase;
			buildActionMask = 2147483647;
			files = (
				2187B2762150B70C00868710 /* CartLifeTests.swift in Sources */,
			);
			runOnlyForDeploymentPostprocessing = 0;
		};
		2187B2782150B70C00868710 /* Sources */ = {
			isa = PBXSourcesBuildPhase;
			buildActionMask = 2147483647;
			files = (
				2187B2812150B70C00868710 /* CartLifeUITests.swift in Sources */,
			);
			runOnlyForDeploymentPostprocessing = 0;
		};
/* End PBXSourcesBuildPhase section */

/* Begin PBXTargetDependency section */
		2187B2732150B70C00868710 /* PBXTargetDependency */ = {
			isa = PBXTargetDependency;
			target = 2187B25C2150B70900868710 /* CartLife */;
			targetProxy = 2187B2722150B70C00868710 /* PBXContainerItemProxy */;
		};
		2187B27E2150B70C00868710 /* PBXTargetDependency */ = {
			isa = PBXTargetDependency;
			target = 2187B25C2150B70900868710 /* CartLife */;
			targetProxy = 2187B27D2150B70C00868710 /* PBXContainerItemProxy */;
		};
/* End PBXTargetDependency section */

/* Begin PBXVariantGroup section */
		2187B2642150B70900868710 /* Main.storyboard */ = {
			isa = PBXVariantGroup;
			children = (
				2187B2652150B70900868710 /* Base */,
			);
			name = Main.storyboard;
			sourceTree = "<group>";
		};
		2187B2692150B70C00868710 /* LaunchScreen.storyboard */ = {
			isa = PBXVariantGroup;
			children = (
				2187B26A2150B70C00868710 /* Base */,
			);
			name = LaunchScreen.storyboard;
			sourceTree = "<group>";
		};
/* End PBXVariantGroup section */

/* Begin XCBuildConfiguration section */
		2187B2832150B70C00868710 /* Debug */ = {
			isa = XCBuildConfiguration;
			buildSettings = {
				ALWAYS_SEARCH_USER_PATHS = NO;
				CLANG_ANALYZER_NONNULL = YES;
				CLANG_ANALYZER_NUMBER_OBJECT_CONVERSION = YES_AGGRESSIVE;
				CLANG_CXX_LANGUAGE_STANDARD = "gnu++14";
				CLANG_CXX_LIBRARY = "libc++";
				CLANG_ENABLE_MODULES = YES;
				CLANG_ENABLE_OBJC_ARC = YES;
				CLANG_ENABLE_OBJC_WEAK = YES;
				CLANG_WARN_BLOCK_CAPTURE_AUTORELEASING = YES;
				CLANG_WARN_BOOL_CONVERSION = YES;
				CLANG_WARN_COMMA = YES;
				CLANG_WARN_CONSTANT_CONVERSION = YES;
				CLANG_WARN_DEPRECATED_OBJC_IMPLEMENTATIONS = YES;
				CLANG_WARN_DIRECT_OBJC_ISA_USAGE = YES_ERROR;
				CLANG_WARN_DOCUMENTATION_COMMENTS = YES;
				CLANG_WARN_EMPTY_BODY = YES;
				CLANG_WARN_ENUM_CONVERSION = YES;
				CLANG_WARN_INFINITE_RECURSION = YES;
				CLANG_WARN_INT_CONVERSION = YES;
				CLANG_WARN_NON_LITERAL_NULL_CONVERSION = YES;
				CLANG_WARN_OBJC_IMPLICIT_RETAIN_SELF = YES;
				CLANG_WARN_OBJC_LITERAL_CONVERSION = YES;
				CLANG_WARN_OBJC_ROOT_CLASS = YES_ERROR;
				CLANG_WARN_RANGE_LOOP_ANALYSIS = YES;
				CLANG_WARN_STRICT_PROTOTYPES = YES;
				CLANG_WARN_SUSPICIOUS_MOVE = YES;
				CLANG_WARN_UNGUARDED_AVAILABILITY = YES_AGGRESSIVE;
				CLANG_WARN_UNREACHABLE_CODE = YES;
				CLANG_WARN__DUPLICATE_METHOD_MATCH = YES;
				CODE_SIGN_IDENTITY = "iPhone Developer";
				COPY_PHASE_STRIP = NO;
				DEBUG_INFORMATION_FORMAT = dwarf;
				ENABLE_STRICT_OBJC_MSGSEND = YES;
				ENABLE_TESTABILITY = YES;
				GCC_C_LANGUAGE_STANDARD = gnu11;
				GCC_DYNAMIC_NO_PIC = NO;
				GCC_NO_COMMON_BLOCKS = YES;
				GCC_OPTIMIZATION_LEVEL = 0;
				GCC_PREPROCESSOR_DEFINITIONS = (
					"DEBUG=1",
					"$(inherited)",
				);
				GCC_WARN_64_TO_32_BIT_CONVERSION = YES;
				GCC_WARN_ABOUT_RETURN_TYPE = YES_ERROR;
				GCC_WARN_UNDECLARED_SELECTOR = YES;
				GCC_WARN_UNINITIALIZED_AUTOS = YES_AGGRESSIVE;
				GCC_WARN_UNUSED_FUNCTION = YES;
				GCC_WARN_UNUSED_VARIABLE = YES;
				IPHONEOS_DEPLOYMENT_TARGET = 11.4;
				MTL_ENABLE_DEBUG_INFO = YES;
				ONLY_ACTIVE_ARCH = YES;
				SDKROOT = iphoneos;
				SWIFT_ACTIVE_COMPILATION_CONDITIONS = DEBUG;
				SWIFT_OPTIMIZATION_LEVEL = "-Onone";
			};
			name = Debug;
		};
		2187B2842150B70C00868710 /* Release */ = {
			isa = XCBuildConfiguration;
			buildSettings = {
				ALWAYS_SEARCH_USER_PATHS = NO;
				CLANG_ANALYZER_NONNULL = YES;
				CLANG_ANALYZER_NUMBER_OBJECT_CONVERSION = YES_AGGRESSIVE;
				CLANG_CXX_LANGUAGE_STANDARD = "gnu++14";
				CLANG_CXX_LIBRARY = "libc++";
				CLANG_ENABLE_MODULES = YES;
				CLANG_ENABLE_OBJC_ARC = YES;
				CLANG_ENABLE_OBJC_WEAK = YES;
				CLANG_WARN_BLOCK_CAPTURE_AUTORELEASING = YES;
				CLANG_WARN_BOOL_CONVERSION = YES;
				CLANG_WARN_COMMA = YES;
				CLANG_WARN_CONSTANT_CONVERSION = YES;
				CLANG_WARN_DEPRECATED_OBJC_IMPLEMENTATIONS = YES;
				CLANG_WARN_DIRECT_OBJC_ISA_USAGE = YES_ERROR;
				CLANG_WARN_DOCUMENTATION_COMMENTS = YES;
				CLANG_WARN_EMPTY_BODY = YES;
				CLANG_WARN_ENUM_CONVERSION = YES;
				CLANG_WARN_INFINITE_RECURSION = YES;
				CLANG_WARN_INT_CONVERSION = YES;
				CLANG_WARN_NON_LITERAL_NULL_CONVERSION = YES;
				CLANG_WARN_OBJC_IMPLICIT_RETAIN_SELF = YES;
				CLANG_WARN_OBJC_LITERAL_CONVERSION = YES;
				CLANG_WARN_OBJC_ROOT_CLASS = YES_ERROR;
				CLANG_WARN_RANGE_LOOP_ANALYSIS = YES;
				CLANG_WARN_STRICT_PROTOTYPES = YES;
				CLANG_WARN_SUSPICIOUS_MOVE = YES;
				CLANG_WARN_UNGUARDED_AVAILABILITY = YES_AGGRESSIVE;
				CLANG_WARN_UNREACHABLE_CODE = YES;
				CLANG_WARN__DUPLICATE_METHOD_MATCH = YES;
				CODE_SIGN_IDENTITY = "iPhone Developer";
				COPY_PHASE_STRIP = NO;
				DEBUG_INFORMATION_FORMAT = "dwarf-with-dsym";
				ENABLE_NS_ASSERTIONS = NO;
				ENABLE_STRICT_OBJC_MSGSEND = YES;
				GCC_C_LANGUAGE_STANDARD = gnu11;
				GCC_NO_COMMON_BLOCKS = YES;
				GCC_WARN_64_TO_32_BIT_CONVERSION = YES;
				GCC_WARN_ABOUT_RETURN_TYPE = YES_ERROR;
				GCC_WARN_UNDECLARED_SELECTOR = YES;
				GCC_WARN_UNINITIALIZED_AUTOS = YES_AGGRESSIVE;
				GCC_WARN_UNUSED_FUNCTION = YES;
				GCC_WARN_UNUSED_VARIABLE = YES;
				IPHONEOS_DEPLOYMENT_TARGET = 11.4;
				MTL_ENABLE_DEBUG_INFO = NO;
				SDKROOT = iphoneos;
				SWIFT_COMPILATION_MODE = wholemodule;
				SWIFT_OPTIMIZATION_LEVEL = "-O";
				VALIDATE_PRODUCT = YES;
			};
			name = Release;
		};
		2187B2862150B70C00868710 /* Debug */ = {
			isa = XCBuildConfiguration;
			baseConfigurationReference = FD4A371E15E315B822A844AF /* Pods-CartLife.debug.xcconfig */;
			buildSettings = {
				ASSETCATALOG_COMPILER_APPICON_NAME = AppIcon;
				CLANG_ENABLE_MODULES = YES;
				CODE_SIGN_ENTITLEMENTS = CartLife/CartLife.entitlements;
				CODE_SIGN_IDENTITY = "iPhone Developer";
				CODE_SIGN_STYLE = Automatic;
				DEVELOPMENT_TEAM = 5W64V38EUB;
				INFOPLIST_FILE = CartLife/Info.plist;
				IPHONEOS_DEPLOYMENT_TARGET = 10.0;
				LD_RUNPATH_SEARCH_PATHS = (
					"$(inherited)",
					"@executable_path/Frameworks",
				);
				PRODUCT_BUNDLE_IDENTIFIER = com.CartLife;
				PRODUCT_NAME = "$(TARGET_NAME)";
				PROVISIONING_PROFILE_SPECIFIER = "";
				SWIFT_OBJC_BRIDGING_HEADER = "CartLife/Helper/CartLife-Bridging-Header.h";
				SWIFT_OPTIMIZATION_LEVEL = "-Onone";
				SWIFT_VERSION = 4.0;
				TARGETED_DEVICE_FAMILY = "1,2";
			};
			name = Debug;
		};
		2187B2872150B70C00868710 /* Release */ = {
			isa = XCBuildConfiguration;
			baseConfigurationReference = EC9FD120EE4EDBCF81C9D427 /* Pods-CartLife.release.xcconfig */;
			buildSettings = {
				ASSETCATALOG_COMPILER_APPICON_NAME = AppIcon;
				CLANG_ENABLE_MODULES = YES;
				CODE_SIGN_ENTITLEMENTS = CartLife/CartLife.entitlements;
				CODE_SIGN_IDENTITY = "iPhone Developer";
				CODE_SIGN_STYLE = Automatic;
				DEVELOPMENT_TEAM = 5W64V38EUB;
				INFOPLIST_FILE = CartLife/Info.plist;
				IPHONEOS_DEPLOYMENT_TARGET = 10.0;
				LD_RUNPATH_SEARCH_PATHS = (
					"$(inherited)",
					"@executable_path/Frameworks",
				);
				PRODUCT_BUNDLE_IDENTIFIER = com.CartLife;
				PRODUCT_NAME = "$(TARGET_NAME)";
				PROVISIONING_PROFILE_SPECIFIER = "";
				SWIFT_OBJC_BRIDGING_HEADER = "CartLife/Helper/CartLife-Bridging-Header.h";
				SWIFT_VERSION = 4.0;
				TARGETED_DEVICE_FAMILY = "1,2";
			};
			name = Release;
		};
		2187B2892150B70C00868710 /* Debug */ = {
			isa = XCBuildConfiguration;
			baseConfigurationReference = 55DA6A097746A904DB861A34 /* Pods-CartLifeTests.debug.xcconfig */;
			buildSettings = {
				ALWAYS_EMBED_SWIFT_STANDARD_LIBRARIES = YES;
				BUNDLE_LOADER = "$(TEST_HOST)";
				CODE_SIGN_STYLE = Automatic;
				INFOPLIST_FILE = CartLifeTests/Info.plist;
				LD_RUNPATH_SEARCH_PATHS = (
					"$(inherited)",
					"@executable_path/Frameworks",
					"@loader_path/Frameworks",
				);
				PRODUCT_BUNDLE_IDENTIFIER = com.CartLifeTests;
				PRODUCT_NAME = "$(TARGET_NAME)";
				SWIFT_VERSION = 4.0;
				TARGETED_DEVICE_FAMILY = "1,2";
				TEST_HOST = "$(BUILT_PRODUCTS_DIR)/CartLife.app/CartLife";
			};
			name = Debug;
		};
		2187B28A2150B70C00868710 /* Release */ = {
			isa = XCBuildConfiguration;
			baseConfigurationReference = D446B4F6DE07BF5822FD625F /* Pods-CartLifeTests.release.xcconfig */;
			buildSettings = {
				ALWAYS_EMBED_SWIFT_STANDARD_LIBRARIES = YES;
				BUNDLE_LOADER = "$(TEST_HOST)";
				CODE_SIGN_STYLE = Automatic;
				INFOPLIST_FILE = CartLifeTests/Info.plist;
				LD_RUNPATH_SEARCH_PATHS = (
					"$(inherited)",
					"@executable_path/Frameworks",
					"@loader_path/Frameworks",
				);
				PRODUCT_BUNDLE_IDENTIFIER = com.CartLifeTests;
				PRODUCT_NAME = "$(TARGET_NAME)";
				SWIFT_VERSION = 4.0;
				TARGETED_DEVICE_FAMILY = "1,2";
				TEST_HOST = "$(BUILT_PRODUCTS_DIR)/CartLife.app/CartLife";
			};
			name = Release;
		};
		2187B28C2150B70C00868710 /* Debug */ = {
			isa = XCBuildConfiguration;
			baseConfigurationReference = 8CD3D6BA96F1F48D126D7735 /* Pods-CartLifeUITests.debug.xcconfig */;
			buildSettings = {
				ALWAYS_EMBED_SWIFT_STANDARD_LIBRARIES = YES;
				CODE_SIGN_STYLE = Automatic;
				INFOPLIST_FILE = CartLifeUITests/Info.plist;
				LD_RUNPATH_SEARCH_PATHS = (
					"$(inherited)",
					"@executable_path/Frameworks",
					"@loader_path/Frameworks",
				);
				PRODUCT_BUNDLE_IDENTIFIER = com.CartLifeUITests;
				PRODUCT_NAME = "$(TARGET_NAME)";
				SWIFT_VERSION = 4.0;
				TARGETED_DEVICE_FAMILY = "1,2";
				TEST_TARGET_NAME = CartLife;
			};
			name = Debug;
		};
		2187B28D2150B70C00868710 /* Release */ = {
			isa = XCBuildConfiguration;
			baseConfigurationReference = D527A70757DF8D9EE18D217E /* Pods-CartLifeUITests.release.xcconfig */;
			buildSettings = {
				ALWAYS_EMBED_SWIFT_STANDARD_LIBRARIES = YES;
				CODE_SIGN_STYLE = Automatic;
				INFOPLIST_FILE = CartLifeUITests/Info.plist;
				LD_RUNPATH_SEARCH_PATHS = (
					"$(inherited)",
					"@executable_path/Frameworks",
					"@loader_path/Frameworks",
				);
				PRODUCT_BUNDLE_IDENTIFIER = com.CartLifeUITests;
				PRODUCT_NAME = "$(TARGET_NAME)";
				SWIFT_VERSION = 4.0;
				TARGETED_DEVICE_FAMILY = "1,2";
				TEST_TARGET_NAME = CartLife;
			};
			name = Release;
		};
/* End XCBuildConfiguration section */

/* Begin XCConfigurationList section */
		2187B2582150B70900868710 /* Build configuration list for PBXProject "CartLife" */ = {
			isa = XCConfigurationList;
			buildConfigurations = (
				2187B2832150B70C00868710 /* Debug */,
				2187B2842150B70C00868710 /* Release */,
			);
			defaultConfigurationIsVisible = 0;
			defaultConfigurationName = Release;
		};
		2187B2852150B70C00868710 /* Build configuration list for PBXNativeTarget "CartLife" */ = {
			isa = XCConfigurationList;
			buildConfigurations = (
				2187B2862150B70C00868710 /* Debug */,
				2187B2872150B70C00868710 /* Release */,
			);
			defaultConfigurationIsVisible = 0;
			defaultConfigurationName = Release;
		};
		2187B2882150B70C00868710 /* Build configuration list for PBXNativeTarget "CartLifeTests" */ = {
			isa = XCConfigurationList;
			buildConfigurations = (
				2187B2892150B70C00868710 /* Debug */,
				2187B28A2150B70C00868710 /* Release */,
			);
			defaultConfigurationIsVisible = 0;
			defaultConfigurationName = Release;
		};
		2187B28B2150B70C00868710 /* Build configuration list for PBXNativeTarget "CartLifeUITests" */ = {
			isa = XCConfigurationList;
			buildConfigurations = (
				2187B28C2150B70C00868710 /* Debug */,
				2187B28D2150B70C00868710 /* Release */,
			);
			defaultConfigurationIsVisible = 0;
			defaultConfigurationName = Release;
		};
/* End XCConfigurationList section */
	};
	rootObject = 2187B2552150B70900868710 /* Project object */;
}
